<?xml version="1.0" encoding="utf-8"?>
<Project ToolsVersion="4.0" xmlns="http://schemas.microsoft.com/developer/msbuild/2003">
  <ItemGroup>
    <Filter Include="Source Files">
      <UniqueIdentifier>{4FC737F1-C7A5-4376-A066-2A32D752A2FF}</UniqueIdentifier>
      <Extensions>cpp;c;cc;cxx;def;odl;idl;hpj;bat;asm;asmx</Extensions>
    </Filter>
    <Filter Include="Header Files">
      <UniqueIdentifier>{93995380-89BD-4b04-88EB-625FBE52EBFB}</UniqueIdentifier>
      <Extensions>h;hpp;hxx;hm;inl;inc;xsd</Extensions>
    </Filter>
    <Filter Include="Resource Files">
      <UniqueIdentifier>{67DA6AB6-F800-4c08-8B7A-83BB121AAD01}</UniqueIdentifier>
      <Extensions>rc;ico;cur;bmp;dlg;rc2;rct;bin;rgs;gif;jpg;jpeg;jpe;resx;tiff;tif;png;wav;mfcribbon-ms</Extensions>
    </Filter>
    <Filter Include="Header Files\detail">
      <UniqueIdentifier>{4c2ac42d-7c5a-44c3-b6ca-db8fec0239a7}</UniqueIdentifier>
    </Filter>
    <Filter Include="Header Files\formats">
      <UniqueIdentifier>{429e84f2-3706-4341-9bb7-a6e74cc448a2}</UniqueIdentifier>
    </Filter>
    <Filter Include="Header Files\formats\bmp">
      <UniqueIdentifier>{2c5c06c6-247c-4b97-b6dc-89acaa78fe60}</UniqueIdentifier>
    </Filter>
    <Filter Include="Header Files\formats\jpeg">
      <UniqueIdentifier>{c3aca3b4-9232-466b-9720-6fb93e2075e5}</UniqueIdentifier>
    </Filter>
    <Filter Include="Header Files\formats\png">
      <UniqueIdentifier>{e74a0122-8ccf-47d5-b680-259822271c41}</UniqueIdentifier>
    </Filter>
    <Filter Include="Header Files\formats\pnm">
      <UniqueIdentifier>{2f8d3d05-2fd6-4b3e-a082-a0fbee21fcd6}</UniqueIdentifier>
    </Filter>
    <Filter Include="Header Files\formats\tiff">
      <UniqueIdentifier>{811c4028-1b38-4aaa-b20c-bdb30cc2649d}</UniqueIdentifier>
    </Filter>
  </ItemGroup>
  <ItemGroup>
    <ClInclude Include="..\..\..\gil_2\boost\gil\extension\io_new\bmp_all.hpp">
      <Filter>Header Files</Filter>
    </ClInclude>
    <ClInclude Include="..\..\..\gil_2\boost\gil\extension\io_new\bmp_io_old.hpp">
      <Filter>Header Files</Filter>
    </ClInclude>
    <ClInclude Include="..\..\..\gil_2\boost\gil\extension\io_new\bmp_read.hpp">
      <Filter>Header Files</Filter>
    </ClInclude>
    <ClInclude Include="..\..\..\gil_2\boost\gil\extension\io_new\bmp_tags.hpp">
      <Filter>Header Files</Filter>
    </ClInclude>
    <ClInclude Include="..\..\..\gil_2\boost\gil\extension\io_new\bmp_write.hpp">
      <Filter>Header Files</Filter>
    </ClInclude>
    <ClInclude Include="..\..\..\gil_2\boost\gil\extension\io_new\jpeg_all.hpp">
      <Filter>Header Files</Filter>
    </ClInclude>
    <ClInclude Include="..\..\..\gil_2\boost\gil\extension\io_new\jpeg_io_old.hpp">
      <Filter>Header Files</Filter>
    </ClInclude>
    <ClInclude Include="..\..\..\gil_2\boost\gil\extension\io_new\jpeg_read.hpp">
      <Filter>Header Files</Filter>
    </ClInclude>
    <ClInclude Include="..\..\..\gil_2\boost\gil\extension\io_new\jpeg_tags.hpp">
      <Filter>Header Files</Filter>
    </ClInclude>
    <ClInclude Include="..\..\..\gil_2\boost\gil\extension\io_new\jpeg_write.hpp">
      <Filter>Header Files</Filter>
    </ClInclude>
    <ClInclude Include="..\..\..\gil_2\boost\gil\extension\io_new\png_all.hpp">
      <Filter>Header Files</Filter>
    </ClInclude>
    <ClInclude Include="..\..\..\gil_2\boost\gil\extension\io_new\png_io_old.hpp">
      <Filter>Header Files</Filter>
    </ClInclude>
    <ClInclude Include="..\..\..\gil_2\boost\gil\extension\io_new\png_read.hpp">
      <Filter>Header Files</Filter>
    </ClInclude>
    <ClInclude Include="..\..\..\gil_2\boost\gil\extension\io_new\png_tags.hpp">
      <Filter>Header Files</Filter>
    </ClInclude>
    <ClInclude Include="..\..\..\gil_2\boost\gil\extension\io_new\png_write.hpp">
      <Filter>Header Files</Filter>
    </ClInclude>
    <ClInclude Include="..\..\..\gil_2\boost\gil\extension\io_new\pnm_all.hpp">
      <Filter>Header Files</Filter>
    </ClInclude>
    <ClInclude Include="..\..\..\gil_2\boost\gil\extension\io_new\pnm_io_old.hpp">
      <Filter>Header Files</Filter>
    </ClInclude>
    <ClInclude Include="..\..\..\gil_2\boost\gil\extension\io_new\pnm_read.hpp">
      <Filter>Header Files</Filter>
    </ClInclude>
    <ClInclude Include="..\..\..\gil_2\boost\gil\extension\io_new\pnm_tags.hpp">
      <Filter>Header Files</Filter>
    </ClInclude>
    <ClInclude Include="..\..\..\gil_2\boost\gil\extension\io_new\pnm_write.hpp">
      <Filter>Header Files</Filter>
    </ClInclude>
    <ClInclude Include="..\..\..\gil_2\boost\gil\extension\io_new\tiff_all.hpp">
      <Filter>Header Files</Filter>
    </ClInclude>
    <ClInclude Include="..\..\..\gil_2\boost\gil\extension\io_new\tiff_io_old.hpp">
      <Filter>Header Files</Filter>
    </ClInclude>
    <ClInclude Include="..\..\..\gil_2\boost\gil\extension\io_new\tiff_read.hpp">
      <Filter>Header Files</Filter>
    </ClInclude>
    <ClInclude Include="..\..\..\gil_2\boost\gil\extension\io_new\tiff_tags.hpp">
      <Filter>Header Files</Filter>
    </ClInclude>
    <ClInclude Include="..\..\..\gil_2\boost\gil\extension\io_new\tiff_write.hpp">
      <Filter>Header Files</Filter>
    </ClInclude>
    <ClInclude Include="..\..\..\gil_2\boost\gil\extension\io_new\detail\base.hpp">
      <Filter>Header Files\detail</Filter>
    </ClInclude>
    <ClInclude Include="..\..\..\gil_2\boost\gil\extension\io_new\detail\bit_operations.hpp">
      <Filter>Header Files\detail</Filter>
    </ClInclude>
    <ClInclude Include="..\..\..\gil_2\boost\gil\extension\io_new\detail\conversion_policies.hpp">
      <Filter>Header Files\detail</Filter>
    </ClInclude>
    <ClInclude Include="..\..\..\gil_2\boost\gil\extension\io_new\detail\dynamic_io_new.hpp">
      <Filter>Header Files\detail</Filter>
    </ClInclude>
    <ClInclude Include="..\..\..\gil_2\boost\gil\extension\io_new\detail\gil_extensions.hpp">
      <Filter>Header Files\detail</Filter>
    </ClInclude>
    <ClInclude Include="..\..\..\gil_2\boost\gil\extension\io_new\detail\io.hpp">
      <Filter>Header Files\detail</Filter>
    </ClInclude>
    <ClInclude Include="..\..\..\gil_2\boost\gil\extension\io_new\detail\io_device.hpp">
      <Filter>Header Files\detail</Filter>
    </ClInclude>
    <ClInclude Include="..\..\..\gil_2\boost\gil\extension\io_new\detail\io_error.hpp">
      <Filter>Header Files\detail</Filter>
    </ClInclude>
    <ClInclude Include="..\..\..\gil_2\boost\gil\extension\io_new\detail\path_spec.hpp">
      <Filter>Header Files\detail</Filter>
    </ClInclude>
    <ClInclude Include="..\..\..\gil_2\boost\gil\extension\io_new\detail\read_and_convert_image.hpp">
      <Filter>Header Files\detail</Filter>
    </ClInclude>
    <ClInclude Include="..\..\..\gil_2\boost\gil\extension\io_new\detail\read_and_convert_view.hpp">
      <Filter>Header Files\detail</Filter>
    </ClInclude>
    <ClInclude Include="..\..\..\gil_2\boost\gil\extension\io_new\detail\read_image.hpp">
      <Filter>Header Files\detail</Filter>
    </ClInclude>
    <ClInclude Include="..\..\..\gil_2\boost\gil\extension\io_new\detail\read_image_info.hpp">
      <Filter>Header Files\detail</Filter>
    </ClInclude>
    <ClInclude Include="..\..\..\gil_2\boost\gil\extension\io_new\detail\read_view.hpp">
      <Filter>Header Files\detail</Filter>
    </ClInclude>
    <ClInclude Include="..\..\..\gil_2\boost\gil\extension\io_new\detail\reader_base.hpp">
      <Filter>Header Files\detail</Filter>
    </ClInclude>
    <ClInclude Include="..\..\..\gil_2\boost\gil\extension\io_new\detail\row_buffer_helper.hpp">
      <Filter>Header Files\detail</Filter>
    </ClInclude>
    <ClInclude Include="..\..\..\gil_2\boost\gil\extension\io_new\detail\typedefs.hpp">
      <Filter>Header Files\detail</Filter>
    </ClInclude>
    <ClInclude Include="..\..\..\gil_2\boost\gil\extension\io_new\detail\write_view.hpp">
      <Filter>Header Files\detail</Filter>
    </ClInclude>
    <ClInclude Include="..\..\..\gil_2\boost\gil\extension\io_new\formats\bmp\is_allowed.hpp">
      <Filter>Header Files\formats\bmp</Filter>
    </ClInclude>
    <ClInclude Include="..\..\..\gil_2\boost\gil\extension\io_new\formats\bmp\read.hpp">
      <Filter>Header Files\formats\bmp</Filter>
    </ClInclude>
    <ClInclude Include="..\..\..\gil_2\boost\gil\extension\io_new\formats\bmp\supported_types.hpp">
      <Filter>Header Files\formats\bmp</Filter>
    </ClInclude>
    <ClInclude Include="..\..\..\gil_2\boost\gil\extension\io_new\formats\bmp\write.hpp">
      <Filter>Header Files\formats\bmp</Filter>
    </ClInclude>
    <ClInclude Include="..\..\..\gil_2\boost\gil\extension\io_new\formats\jpeg\base.hpp">
      <Filter>Header Files\formats\jpeg</Filter>
    </ClInclude>
    <ClInclude Include="..\..\..\gil_2\boost\gil\extension\io_new\formats\jpeg\is_allowed.hpp">
      <Filter>Header Files\formats\jpeg</Filter>
    </ClInclude>
    <ClInclude Include="..\..\..\gil_2\boost\gil\extension\io_new\formats\jpeg\read.hpp">
      <Filter>Header Files\formats\jpeg</Filter>
    </ClInclude>
    <ClInclude Include="..\..\..\gil_2\boost\gil\extension\io_new\formats\jpeg\supported_types.hpp">
      <Filter>Header Files\formats\jpeg</Filter>
    </ClInclude>
    <ClInclude Include="..\..\..\gil_2\boost\gil\extension\io_new\formats\jpeg\write.hpp">
      <Filter>Header Files\formats\jpeg</Filter>
    </ClInclude>
    <ClInclude Include="..\..\..\gil_2\boost\gil\extension\io_new\formats\tiff\device.hpp">
      <Filter>Header Files\formats\tiff</Filter>
    </ClInclude>
    <ClInclude Include="..\..\..\gil_2\boost\gil\extension\io_new\formats\tiff\is_allowed.hpp">
      <Filter>Header Files\formats\tiff</Filter>
    </ClInclude>
    <ClInclude Include="..\..\..\gil_2\boost\gil\extension\io_new\formats\tiff\log.hpp">
      <Filter>Header Files\formats\tiff</Filter>
    </ClInclude>
    <ClInclude Include="..\..\..\gil_2\boost\gil\extension\io_new\formats\tiff\read.hpp">
      <Filter>Header Files\formats\tiff</Filter>
    </ClInclude>
    <ClInclude Include="..\..\..\gil_2\boost\gil\extension\io_new\formats\tiff\supported_types.hpp">
      <Filter>Header Files\formats\tiff</Filter>
    </ClInclude>
    <ClInclude Include="..\..\..\gil_2\boost\gil\extension\io_new\formats\tiff\write.hpp">
      <Filter>Header Files\formats\tiff</Filter>
    </ClInclude>
    <ClInclude Include="..\..\..\gil_2\boost\gil\extension\io_new\formats\pnm\is_allowed.hpp">
      <Filter>Header Files\formats\pnm</Filter>
    </ClInclude>
    <ClInclude Include="..\..\..\gil_2\boost\gil\extension\io_new\formats\pnm\read.hpp">
      <Filter>Header Files\formats\pnm</Filter>
    </ClInclude>
    <ClInclude Include="..\..\..\gil_2\boost\gil\extension\io_new\formats\pnm\supported_types.hpp">
      <Filter>Header Files\formats\pnm</Filter>
    </ClInclude>
    <ClInclude Include="..\..\..\gil_2\boost\gil\extension\io_new\formats\pnm\write.hpp">
      <Filter>Header Files\formats\pnm</Filter>
    </ClInclude>
    <ClInclude Include="..\..\..\gil_2\boost\gil\extension\io_new\formats\png\base.hpp">
      <Filter>Header Files\formats\png</Filter>
    </ClInclude>
    <ClInclude Include="..\..\..\gil_2\boost\gil\extension\io_new\formats\png\is_allowed.hpp">
      <Filter>Header Files\formats\png</Filter>
    </ClInclude>
    <ClInclude Include="..\..\..\gil_2\boost\gil\extension\io_new\formats\png\read.hpp">
      <Filter>Header Files\formats\png</Filter>
    </ClInclude>
    <ClInclude Include="..\..\..\gil_2\boost\gil\extension\io_new\formats\png\supported_types.hpp">
      <Filter>Header Files\formats\png</Filter>
    </ClInclude>
    <ClInclude Include="..\..\..\gil_2\boost\gil\extension\io_new\formats\png\write.hpp">
      <Filter>Header Files\formats\png</Filter>
    </ClInclude>
    <ClInclude Include="..\..\..\gil_2\libs\gil\io_new\test\cmp_view.hpp">
      <Filter>Source Files</Filter>
    </ClInclude>
    <ClInclude Include="..\..\..\gil_2\libs\gil\io_new\test\mandel_view.hpp">
      <Filter>Source Files</Filter>
    </ClInclude>
    <ClInclude Include="..\..\..\gil_2\libs\gil\io_new\test\paths.hpp">
      <Filter>Source Files</Filter>
    </ClInclude>
    <ClInclude Include="..\..\..\gil_2\libs\gil\io_new\test\subimage_test.hpp">
      <Filter>Source Files</Filter>
    </ClInclude>
    <ClInclude Include="..\..\..\gil_2\libs\gil\io_new\test\tiff_tiled_read_macros.hpp">
      <Filter>Source Files</Filter>
    </ClInclude>
    <ClInclude Include="..\..\..\gil_2\libs\gil\io_new\test\tiff_tiled_write_macros.hpp">
      <Filter>Source Files</Filter>
    </ClInclude>
  </ItemGroup>
  <ItemGroup>
    <ClCompile Include="..\..\..\gil_2\libs\gil\io_new\test\all_formats_test.cpp">
      <Filter>Source Files</Filter>
    </ClCompile>
    <ClCompile Include="..\..\..\gil_2\libs\gil\io_new\test\bmp_old_test.cpp">
      <Filter>Source Files</Filter>
    </ClCompile>
    <ClCompile Include="..\..\..\gil_2\libs\gil\io_new\test\bmp_read_test.cpp">
      <Filter>Source Files</Filter>
    </ClCompile>
    <ClCompile Include="..\..\..\gil_2\libs\gil\io_new\test\bmp_test.cpp">
      <Filter>Source Files</Filter>
    </ClCompile>
    <ClCompile Include="..\..\..\gil_2\libs\gil\io_new\test\bmp_write_test.cpp">
      <Filter>Source Files</Filter>
    </ClCompile>
    <ClCompile Include="..\..\..\gil_2\libs\gil\io_new\test\jpeg_old_test.cpp">
      <Filter>Source Files</Filter>
    </ClCompile>
    <ClCompile Include="..\..\..\gil_2\libs\gil\io_new\test\jpeg_read_test.cpp">
      <Filter>Source Files</Filter>
    </ClCompile>
    <ClCompile Include="..\..\..\gil_2\libs\gil\io_new\test\jpeg_test.cpp">
      <Filter>Source Files</Filter>
    </ClCompile>
    <ClCompile Include="..\..\..\gil_2\libs\gil\io_new\test\jpeg_write_test.cpp">
      <Filter>Source Files</Filter>
    </ClCompile>
    <ClCompile Include="..\..\..\gil_2\libs\gil\io_new\test\png_file_format_test.cpp">
      <Filter>Source Files</Filter>
    </ClCompile>
    <ClCompile Include="..\..\..\gil_2\libs\gil\io_new\test\png_old_test.cpp">
      <Filter>Source Files</Filter>
    </ClCompile>
    <ClCompile Include="..\..\..\gil_2\libs\gil\io_new\test\png_read_test.cpp">
      <Filter>Source Files</Filter>
    </ClCompile>
    <ClCompile Include="..\..\..\gil_2\libs\gil\io_new\test\png_test.cpp">
      <Filter>Source Files</Filter>
    </ClCompile>
    <ClCompile Include="..\..\..\gil_2\libs\gil\io_new\test\pnm_old_test.cpp">
      <Filter>Source Files</Filter>
    </ClCompile>
    <ClCompile Include="..\..\..\gil_2\libs\gil\io_new\test\pnm_read_test.cpp">
      <Filter>Source Files</Filter>
    </ClCompile>
    <ClCompile Include="..\..\..\gil_2\libs\gil\io_new\test\pnm_test.cpp">
      <Filter>Source Files</Filter>
    </ClCompile>
    <ClCompile Include="..\..\..\gil_2\libs\gil\io_new\test\pnm_write_test.cpp">
      <Filter>Source Files</Filter>
    </ClCompile>
    <ClCompile Include="..\..\..\gil_2\libs\gil\io_new\test\test.cpp">
      <Filter>Source Files</Filter>
    </ClCompile>
    <ClCompile Include="..\..\..\gil_2\libs\gil\io_new\test\tiff_file_format_test.cpp">
      <Filter>Source Files</Filter>
    </ClCompile>
    <ClCompile Include="..\..\..\gil_2\libs\gil\io_new\test\tiff_old_test.cpp">
      <Filter>Source Files</Filter>
    </ClCompile>
    <ClCompile Include="..\..\..\gil_2\libs\gil\io_new\test\tiff_test.cpp">
      <Filter>Source Files</Filter>
    </ClCompile>
    <ClCompile Include="..\..\..\gil_2\libs\gil\io_new\test\tiff_tiled_float_test.cpp">
      <Filter>Source Files</Filter>
    </ClCompile>
    <ClCompile Include="..\..\..\gil_2\libs\gil\io_new\test\tiff_tiled_minisblack_test_1-10.cpp">
      <Filter>Source Files</Filter>
    </ClCompile>
    <ClCompile Include="..\..\..\gil_2\libs\gil\io_new\test\tiff_tiled_minisblack_test_11-20.cpp">
      <Filter>Source Files</Filter>
    </ClCompile>
    <ClCompile Include="..\..\..\gil_2\libs\gil\io_new\test\tiff_tiled_minisblack_test_21-31_32-64.cpp">
      <Filter>Source Files</Filter>
    </ClCompile>
    <ClCompile Include="..\..\..\gil_2\libs\gil\io_new\test\tiff_tiled_minisblack_write_test_1-10.cpp">
      <Filter>Source Files</Filter>
    </ClCompile>
    <ClCompile Include="..\..\..\gil_2\libs\gil\io_new\test\tiff_tiled_minisblack_write_test_11-20.cpp">
      <Filter>Source Files</Filter>
    </ClCompile>
    <ClCompile Include="..\..\..\gil_2\libs\gil\io_new\test\tiff_tiled_minisblack_write_test_21-31_32-64.cpp">
      <Filter>Source Files</Filter>
    </ClCompile>
    <ClCompile Include="..\..\..\gil_2\libs\gil\io_new\test\tiff_tiled_palette_test_1-8.cpp">
      <Filter>Source Files</Filter>
    </ClCompile>
    <ClCompile Include="..\..\..\gil_2\libs\gil\io_new\test\tiff_tiled_palette_test_8-16.cpp">
      <Filter>Source Files</Filter>
    </ClCompile>
    <ClCompile Include="..\..\..\gil_2\libs\gil\io_new\test\tiff_tiled_palette_write_test_1-8.cpp">
      <Filter>Source Files</Filter>
    </ClCompile>
    <ClCompile Include="..\..\..\gil_2\libs\gil\io_new\test\tiff_tiled_palette_write_test_8-16.cpp">
      <Filter>Source Files</Filter>
    </ClCompile>
    <ClCompile Include="..\..\..\gil_2\libs\gil\io_new\test\tiff_tiled_rgb_contig_test_1-10.cpp">
      <Filter>Source Files</Filter>
    </ClCompile>
    <ClCompile Include="..\..\..\gil_2\libs\gil\io_new\test\tiff_tiled_rgb_contig_test_11-20.cpp">
      <Filter>Source Files</Filter>
    </ClCompile>
    <ClCompile Include="..\..\..\gil_2\libs\gil\io_new\test\tiff_tiled_rgb_contig_test_21-31_32_64.cpp">
      <Filter>Source Files</Filter>
    </ClCompile>
    <ClCompile Include="..\..\..\gil_2\libs\gil\io_new\test\tiff_tiled_rgb_contig_write_test_1-10.cpp">
      <Filter>Source Files</Filter>
    </ClCompile>
    <ClCompile Include="..\..\..\gil_2\libs\gil\io_new\test\tiff_tiled_rgb_contig_write_test_11-20.cpp">
      <Filter>Source Files</Filter>
    </ClCompile>
    <ClCompile Include="..\..\..\gil_2\libs\gil\io_new\test\tiff_tiled_rgb_contig_write_test_21-31_32_64.cpp">
      <Filter>Source Files</Filter>
    </ClCompile>
    <ClCompile Include="..\..\..\gil_2\libs\gil\io_new\test\tiff_tiled_rgb_planar_test_1-10.cpp">
      <Filter>Source Files</Filter>
    </ClCompile>
    <ClCompile Include="..\..\..\gil_2\libs\gil\io_new\test\tiff_tiled_rgb_planar_test_11-20.cpp">
      <Filter>Source Files</Filter>
    </ClCompile>
    <ClCompile Include="..\..\..\gil_2\libs\gil\io_new\test\tiff_tiled_rgb_planar_test_21-31_32_64.cpp">
      <Filter>Source Files</Filter>
    </ClCompile>
    <ClCompile Include="..\..\..\gil_2\libs\gil\io_new\test\tiff_tiled_test.cpp">
      <Filter>Source Files</Filter>
    </ClCompile>
  </ItemGroup>
</Project>