
Microsoft Visual Studio Solution File, Format Version 9.00
# Visual Studio 2005
Project("{8BC9CEB8-8B4A-11D0-8D11-00A0C91BC942}") = "io_new_vc8", "io_new_vc8.vcproj", "{23F24AE1-C7C6-454E-8B23-593BB0ACA3E2}"
EndProject
Project("{8BC9CEB8-8B4A-11D0-8D11-00A0C91BC942}") = "read_info_test_vc8", "read_info_test_vc8\read_info_test_vc8.vcproj", "{D7AB6626-60D0-4526-AE21-CCDAB7D9F6CF}"
EndProject
Global
	GlobalSection(SolutionConfigurationPlatforms) = preSolution
		Debug|Win32 = Debug|Win32
		Release|Win32 = Release|Win32
	EndGlobalSection
	GlobalSection(ProjectConfigurationPlatforms) = postSolution
		{23F24AE1-C7C6-454E-8B23-593BB0ACA3E2}.Debug|Win32.ActiveCfg = Debug|Win32
		{23F24AE1-C7C6-454E-8B23-593BB0ACA3E2}.Debug|Win32.Build.0 = Debug|Win32
		{23F24AE1-C7C6-454E-8B23-593BB0ACA3E2}.Release|Win32.ActiveCfg = Release|Win32
		{23F24AE1-C7C6-454E-8B23-593BB0ACA3E2}.Release|Win32.Build.0 = Release|Win32
		{D7AB6626-60D0-4526-AE21-CCDAB7D9F6CF}.Debug|Win32.ActiveCfg = Debug|Win32
		{D7AB6626-60D0-4526-AE21-CCDAB7D9F6CF}.Debug|Win32.Build.0 = Debug|Win32
		{D7AB6626-60D0-4526-AE21-CCDAB7D9F6CF}.Release|Win32.ActiveCfg = Release|Win32
		{D7AB6626-60D0-4526-AE21-CCDAB7D9F6CF}.Release|Win32.Build.0 = Release|Win32
	EndGlobalSection
	GlobalSection(SolutionProperties) = preSolution
		HideSolutionNode = FALSE
	EndGlobalSection
EndGlobal
