
Microsoft Visual Studio Solution File, Format Version 10.00
# Visual C++ Express 2008
Project("{8BC9CEB8-8B4A-11D0-8D11-00A0C91BC942}") = "io_new_vc9", "io_new_vc9.vcproj", "{04A3E894-EA1B-49CC-964E-636BA85656D1}"
EndProject
Project("{8BC9CEB8-8B4A-11D0-8D11-00A0C91BC942}") = "unit_test_vc9", "unit_test\unit_test_vc9.vcproj", "{77E63E10-39BA-4379-8E14-59A7306CDB0F}"
EndProject
Global
	GlobalSection(SolutionConfigurationPlatforms) = preSolution
		Debug|Win32 = Debug|Win32
		Release|Win32 = Release|Win32
	EndGlobalSection
	GlobalSection(ProjectConfigurationPlatforms) = postSolution
		{04A3E894-EA1B-49CC-964E-636BA85656D1}.Debug|Win32.ActiveCfg = Debug|Win32
		{04A3E894-EA1B-49CC-964E-636BA85656D1}.Debug|Win32.Build.0 = Debug|Win32
		{04A3E894-EA1B-49CC-964E-636BA85656D1}.Release|Win32.ActiveCfg = Release|Win32
		{04A3E894-EA1B-49CC-964E-636BA85656D1}.Release|Win32.Build.0 = Release|Win32
		{77E63E10-39BA-4379-8E14-59A7306CDB0F}.Debug|Win32.ActiveCfg = Debug|Win32
		{77E63E10-39BA-4379-8E14-59A7306CDB0F}.Debug|Win32.Build.0 = Debug|Win32
		{77E63E10-39BA-4379-8E14-59A7306CDB0F}.Release|Win32.ActiveCfg = Release|Win32
		{77E63E10-39BA-4379-8E14-59A7306CDB0F}.Release|Win32.Build.0 = Release|Win32
	EndGlobalSection
	GlobalSection(SolutionProperties) = preSolution
		HideSolutionNode = FALSE
	EndGlobalSection
EndGlobal
